// !$*UTF8*$!
{
	archiveVersion = 1;
	classes = {
	};
	objectVersion = 56;
	objects = {

/* Begin PBXBuildFile section */
		560FB8F329F8F469005DA796 /* HomeTableViewCell.swift in Sources */ = {isa = PBXBuildFile; fileRef = 560FB8F229F8F469005DA796 /* HomeTableViewCell.swift */; };
		F60BBF6D29F4577B00C1AB4C /* HomeViewController.swift in Sources */ = {isa = PBXBuildFile; fileRef = F60BBF6C29F4577B00C1AB4C /* HomeViewController.swift */; };
		F611F4A729D2ED2D003D4ACB /* CategoryCollectionViewCell.swift in Sources */ = {isa = PBXBuildFile; fileRef = F611F4A529D2ED2D003D4ACB /* CategoryCollectionViewCell.swift */; };
		F611F4A829D2ED2D003D4ACB /* CategoryCollectionViewCell.xib in Resources */ = {isa = PBXBuildFile; fileRef = F611F4A629D2ED2D003D4ACB /* CategoryCollectionViewCell.xib */; };
		F611F4B129D2EE43003D4ACB /* String+Extension.swift in Sources */ = {isa = PBXBuildFile; fileRef = F611F4B029D2EE43003D4ACB /* String+Extension.swift */; };
		F611F4B429D2EE6F003D4ACB /* CardView.swift in Sources */ = {isa = PBXBuildFile; fileRef = F611F4B329D2EE6F003D4ACB /* CardView.swift */; };
		F611F4B629D2EE9F003D4ACB /* UIView+Extension.swift in Sources */ = {isa = PBXBuildFile; fileRef = F611F4B529D2EE9F003D4ACB /* UIView+Extension.swift */; };
		F611F4B829D3217F003D4ACB /* TimeCategory.swift in Sources */ = {isa = PBXBuildFile; fileRef = F611F4B729D3217F003D4ACB /* TimeCategory.swift */; };
		F611F4BC29D32316003D4ACB /* TimeCategoryCollectionViewCell.swift in Sources */ = {isa = PBXBuildFile; fileRef = F611F4BA29D32316003D4ACB /* TimeCategoryCollectionViewCell.swift */; };
		F611F4BD29D32316003D4ACB /* TimeCategoryCollectionViewCell.xib in Resources */ = {isa = PBXBuildFile; fileRef = F611F4BB29D32316003D4ACB /* TimeCategoryCollectionViewCell.xib */; };
		F611F4F329D44368003D4ACB /* GraphView.swift in Sources */ = {isa = PBXBuildFile; fileRef = F611F4F229D44368003D4ACB /* GraphView.swift */; };
		F611F4FE29D4573A003D4ACB /* LineChartsCollectionViewCell.swift in Sources */ = {isa = PBXBuildFile; fileRef = F611F4FC29D4573A003D4ACB /* LineChartsCollectionViewCell.swift */; };
		F611F4FF29D4573A003D4ACB /* LineChartsCollectionViewCell.xib in Resources */ = {isa = PBXBuildFile; fileRef = F611F4FD29D4573A003D4ACB /* LineChartsCollectionViewCell.xib */; };
		F611F50129D45B37003D4ACB /* ChartData.swift in Sources */ = {isa = PBXBuildFile; fileRef = F611F50029D45B37003D4ACB /* ChartData.swift */; };
		F633208829F1919B00418B11 /* GasViewModel.swift in Sources */ = {isa = PBXBuildFile; fileRef = F633208729F1919B00418B11 /* GasViewModel.swift */; };
		F6447D4729DEAFAB0094C466 /* GaugeView.swift in Sources */ = {isa = PBXBuildFile; fileRef = F6447D4629DEAFAB0094C466 /* GaugeView.swift */; };
		F69EB4A029DCA502003D340D /* LineChartDataSetCreator.swift in Sources */ = {isa = PBXBuildFile; fileRef = F69EB49F29DCA502003D340D /* LineChartDataSetCreator.swift */; };
		F69EB4A529DCC216003D340D /* GaugeCollectionViewCell.swift in Sources */ = {isa = PBXBuildFile; fileRef = F69EB4A329DCC216003D340D /* GaugeCollectionViewCell.swift */; };
		F69EB4A629DCC216003D340D /* GaugeCollectionViewCell.xib in Resources */ = {isa = PBXBuildFile; fileRef = F69EB4A429DCC216003D340D /* GaugeCollectionViewCell.xib */; };
		F69EB4A829DCC832003D340D /* ProgressBarViewController.swift in Sources */ = {isa = PBXBuildFile; fileRef = F69EB4A729DCC832003D340D /* ProgressBarViewController.swift */; };
		F6ADAF6D29D1F92000AE1C2C /* AppDelegate.swift in Sources */ = {isa = PBXBuildFile; fileRef = F6ADAF6C29D1F92000AE1C2C /* AppDelegate.swift */; };
		F6ADAF6F29D1F92000AE1C2C /* SceneDelegate.swift in Sources */ = {isa = PBXBuildFile; fileRef = F6ADAF6E29D1F92000AE1C2C /* SceneDelegate.swift */; };
		F6ADAF7129D1F92000AE1C2C /* ViewController.swift in Sources */ = {isa = PBXBuildFile; fileRef = F6ADAF7029D1F92000AE1C2C /* ViewController.swift */; };
		F6ADAF7429D1F92000AE1C2C /* Main.storyboard in Resources */ = {isa = PBXBuildFile; fileRef = F6ADAF7229D1F92000AE1C2C /* Main.storyboard */; };
		F6ADAF7629D1F92100AE1C2C /* Assets.xcassets in Resources */ = {isa = PBXBuildFile; fileRef = F6ADAF7529D1F92100AE1C2C /* Assets.xcassets */; };
		F6ADAF7929D1F92100AE1C2C /* LaunchScreen.storyboard in Resources */ = {isa = PBXBuildFile; fileRef = F6ADAF7729D1F92100AE1C2C /* LaunchScreen.storyboard */; };
		F6ADAF8429D1F92100AE1C2C /* sensorAppTests.swift in Sources */ = {isa = PBXBuildFile; fileRef = F6ADAF8329D1F92100AE1C2C /* sensorAppTests.swift */; };
		F6ADAF8E29D1F92200AE1C2C /* sensorAppUITests.swift in Sources */ = {isa = PBXBuildFile; fileRef = F6ADAF8D29D1F92200AE1C2C /* sensorAppUITests.swift */; };
		F6ADAF9029D1F92200AE1C2C /* sensorAppUITestsLaunchTests.swift in Sources */ = {isa = PBXBuildFile; fileRef = F6ADAF8F29D1F92200AE1C2C /* sensorAppUITestsLaunchTests.swift */; };
		F6ADAFAD29D2394600AE1C2C /* ReportViewController.swift in Sources */ = {isa = PBXBuildFile; fileRef = F6ADAFAC29D2394600AE1C2C /* ReportViewController.swift */; };
		F6AEDC4029F41FF300F7A24B /* Alamofire in Frameworks */ = {isa = PBXBuildFile; productRef = F6AEDC3F29F41FF300F7A24B /* Alamofire */; };
		F6AEDC4B29F422EE00F7A24B /* Charts in Frameworks */ = {isa = PBXBuildFile; productRef = F6AEDC4A29F422EE00F7A24B /* Charts */; };
		F6AEDC4E29F4234300F7A24B /* Kingfisher in Frameworks */ = {isa = PBXBuildFile; productRef = F6AEDC4D29F4234300F7A24B /* Kingfisher */; };
		F6E0998329E1A90F002D4809 /* TemperatureData.swift in Sources */ = {isa = PBXBuildFile; fileRef = F6E0998229E1A90F002D4809 /* TemperatureData.swift */; };
		F6E0998B29E1AE0F002D4809 /* GasCategory.swift in Sources */ = {isa = PBXBuildFile; fileRef = F6E0998A29E1AE0F002D4809 /* GasCategory.swift */; };
		F6E799F829EBDFAB0047C93D /* SensorData.swift in Sources */ = {isa = PBXBuildFile; fileRef = F6E799F729EBDFAB0047C93D /* SensorData.swift */; };
		F6E799FA29EBE0570047C93D /* RealTimeGasRequest.swift in Sources */ = {isa = PBXBuildFile; fileRef = F6E799F929EBE0570047C93D /* RealTimeGasRequest.swift */; };
		F6E799FC29EBE0B70047C93D /* RealTimeGasResponse.swift in Sources */ = {isa = PBXBuildFile; fileRef = F6E799FB29EBE0B70047C93D /* RealTimeGasResponse.swift */; };
		F6E799FE29EBE2260047C93D /* RealTimeAllGasses.swift in Sources */ = {isa = PBXBuildFile; fileRef = F6E799FD29EBE2260047C93D /* RealTimeAllGasses.swift */; };
		F6E79A0129EBE2C00047C93D /* Network.swift in Sources */ = {isa = PBXBuildFile; fileRef = F6E79A0029EBE2C00047C93D /* Network.swift */; };
		F6E79A0329EBE2D40047C93D /* Requestable.swift in Sources */ = {isa = PBXBuildFile; fileRef = F6E79A0229EBE2D40047C93D /* Requestable.swift */; };
		F6E79A0529EBE2E50047C93D /* HTTPMethod.swift in Sources */ = {isa = PBXBuildFile; fileRef = F6E79A0429EBE2E50047C93D /* HTTPMethod.swift */; };
		F6E79A0729EBE2F70047C93D /* ParameterType.swift in Sources */ = {isa = PBXBuildFile; fileRef = F6E79A0629EBE2F70047C93D /* ParameterType.swift */; };
		F6E79A0A29EBE34D0047C93D /* GasService.swift in Sources */ = {isa = PBXBuildFile; fileRef = F6E79A0929EBE34D0047C93D /* GasService.swift */; };
		F6E79A0C29EBE35C0047C93D /* GasRequest.swift in Sources */ = {isa = PBXBuildFile; fileRef = F6E79A0B29EBE35C0047C93D /* GasRequest.swift */; };
		F6E79A0E29EBED1A0047C93D /* AFService.swift in Sources */ = {isa = PBXBuildFile; fileRef = F6E79A0D29EBED190047C93D /* AFService.swift */; };
/* End PBXBuildFile section */

/* Begin PBXContainerItemProxy section */
		F6ADAF8029D1F92100AE1C2C /* PBXContainerItemProxy */ = {
			isa = PBXContainerItemProxy;
			containerPortal = F6ADAF6129D1F92000AE1C2C /* Project object */;
			proxyType = 1;
			remoteGlobalIDString = F6ADAF6829D1F92000AE1C2C;
			remoteInfo = sensorApp;
		};
		F6ADAF8A29D1F92200AE1C2C /* PBXContainerItemProxy */ = {
			isa = PBXContainerItemProxy;
			containerPortal = F6ADAF6129D1F92000AE1C2C /* Project object */;
			proxyType = 1;
			remoteGlobalIDString = F6ADAF6829D1F92000AE1C2C;
			remoteInfo = sensorApp;
		};
/* End PBXContainerItemProxy section */

/* Begin PBXFileReference section */
		560FB8F229F8F469005DA796 /* HomeTableViewCell.swift */ = {isa = PBXFileReference; lastKnownFileType = sourcecode.swift; path = HomeTableViewCell.swift; sourceTree = "<group>"; };
		F60BBF6C29F4577B00C1AB4C /* HomeViewController.swift */ = {isa = PBXFileReference; lastKnownFileType = sourcecode.swift; path = HomeViewController.swift; sourceTree = "<group>"; };
		F611F4A529D2ED2D003D4ACB /* CategoryCollectionViewCell.swift */ = {isa = PBXFileReference; lastKnownFileType = sourcecode.swift; path = CategoryCollectionViewCell.swift; sourceTree = "<group>"; };
		F611F4A629D2ED2D003D4ACB /* CategoryCollectionViewCell.xib */ = {isa = PBXFileReference; lastKnownFileType = file.xib; path = CategoryCollectionViewCell.xib; sourceTree = "<group>"; };
		F611F4B029D2EE43003D4ACB /* String+Extension.swift */ = {isa = PBXFileReference; lastKnownFileType = sourcecode.swift; path = "String+Extension.swift"; sourceTree = "<group>"; };
		F611F4B329D2EE6F003D4ACB /* CardView.swift */ = {isa = PBXFileReference; lastKnownFileType = sourcecode.swift; path = CardView.swift; sourceTree = "<group>"; };
		F611F4B529D2EE9F003D4ACB /* UIView+Extension.swift */ = {isa = PBXFileReference; lastKnownFileType = sourcecode.swift; path = "UIView+Extension.swift"; sourceTree = "<group>"; };
		F611F4B729D3217F003D4ACB /* TimeCategory.swift */ = {isa = PBXFileReference; lastKnownFileType = sourcecode.swift; path = TimeCategory.swift; sourceTree = "<group>"; };
		F611F4BA29D32316003D4ACB /* TimeCategoryCollectionViewCell.swift */ = {isa = PBXFileReference; lastKnownFileType = sourcecode.swift; path = TimeCategoryCollectionViewCell.swift; sourceTree = "<group>"; };
		F611F4BB29D32316003D4ACB /* TimeCategoryCollectionViewCell.xib */ = {isa = PBXFileReference; lastKnownFileType = file.xib; path = TimeCategoryCollectionViewCell.xib; sourceTree = "<group>"; };
		F611F4F229D44368003D4ACB /* GraphView.swift */ = {isa = PBXFileReference; lastKnownFileType = sourcecode.swift; path = GraphView.swift; sourceTree = "<group>"; };
		F611F4FC29D4573A003D4ACB /* LineChartsCollectionViewCell.swift */ = {isa = PBXFileReference; lastKnownFileType = sourcecode.swift; path = LineChartsCollectionViewCell.swift; sourceTree = "<group>"; };
		F611F4FD29D4573A003D4ACB /* LineChartsCollectionViewCell.xib */ = {isa = PBXFileReference; lastKnownFileType = file.xib; path = LineChartsCollectionViewCell.xib; sourceTree = "<group>"; };
		F611F50029D45B37003D4ACB /* ChartData.swift */ = {isa = PBXFileReference; lastKnownFileType = sourcecode.swift; path = ChartData.swift; sourceTree = "<group>"; };
		F633208729F1919B00418B11 /* GasViewModel.swift */ = {isa = PBXFileReference; lastKnownFileType = sourcecode.swift; path = GasViewModel.swift; sourceTree = "<group>"; };
		F633208929F1D89000418B11 /* TASKS.md */ = {isa = PBXFileReference; lastKnownFileType = net.daringfireball.markdown; path = TASKS.md; sourceTree = "<group>"; };
		F6447D4629DEAFAB0094C466 /* GaugeView.swift */ = {isa = PBXFileReference; lastKnownFileType = sourcecode.swift; path = GaugeView.swift; sourceTree = "<group>"; };
		F65AB01E29EDAD58001C4E51 /* exampleData.md */ = {isa = PBXFileReference; lastKnownFileType = net.daringfireball.markdown; path = exampleData.md; sourceTree = "<group>"; };
		F69EB49F29DCA502003D340D /* LineChartDataSetCreator.swift */ = {isa = PBXFileReference; lastKnownFileType = sourcecode.swift; path = LineChartDataSetCreator.swift; sourceTree = "<group>"; };
		F69EB4A329DCC216003D340D /* GaugeCollectionViewCell.swift */ = {isa = PBXFileReference; lastKnownFileType = sourcecode.swift; path = GaugeCollectionViewCell.swift; sourceTree = "<group>"; };
		F69EB4A429DCC216003D340D /* GaugeCollectionViewCell.xib */ = {isa = PBXFileReference; lastKnownFileType = file.xib; path = GaugeCollectionViewCell.xib; sourceTree = "<group>"; };
		F69EB4A729DCC832003D340D /* ProgressBarViewController.swift */ = {isa = PBXFileReference; lastKnownFileType = sourcecode.swift; path = ProgressBarViewController.swift; sourceTree = "<group>"; };
		F6ADAF6929D1F92000AE1C2C /* sensorApp.app */ = {isa = PBXFileReference; explicitFileType = wrapper.application; includeInIndex = 0; path = sensorApp.app; sourceTree = BUILT_PRODUCTS_DIR; };
		F6ADAF6C29D1F92000AE1C2C /* AppDelegate.swift */ = {isa = PBXFileReference; lastKnownFileType = sourcecode.swift; path = AppDelegate.swift; sourceTree = "<group>"; };
		F6ADAF6E29D1F92000AE1C2C /* SceneDelegate.swift */ = {isa = PBXFileReference; lastKnownFileType = sourcecode.swift; path = SceneDelegate.swift; sourceTree = "<group>"; };
		F6ADAF7029D1F92000AE1C2C /* ViewController.swift */ = {isa = PBXFileReference; lastKnownFileType = sourcecode.swift; path = ViewController.swift; sourceTree = "<group>"; };
		F6ADAF7329D1F92000AE1C2C /* Base */ = {isa = PBXFileReference; lastKnownFileType = file.storyboard; name = Base; path = Base.lproj/Main.storyboard; sourceTree = "<group>"; };
		F6ADAF7529D1F92100AE1C2C /* Assets.xcassets */ = {isa = PBXFileReference; lastKnownFileType = folder.assetcatalog; path = Assets.xcassets; sourceTree = "<group>"; };
		F6ADAF7829D1F92100AE1C2C /* Base */ = {isa = PBXFileReference; lastKnownFileType = file.storyboard; name = Base; path = Base.lproj/LaunchScreen.storyboard; sourceTree = "<group>"; };
		F6ADAF7A29D1F92100AE1C2C /* Info.plist */ = {isa = PBXFileReference; lastKnownFileType = text.plist.xml; path = Info.plist; sourceTree = "<group>"; };
		F6ADAF7F29D1F92100AE1C2C /* sensorAppTests.xctest */ = {isa = PBXFileReference; explicitFileType = wrapper.cfbundle; includeInIndex = 0; path = sensorAppTests.xctest; sourceTree = BUILT_PRODUCTS_DIR; };
		F6ADAF8329D1F92100AE1C2C /* sensorAppTests.swift */ = {isa = PBXFileReference; lastKnownFileType = sourcecode.swift; path = sensorAppTests.swift; sourceTree = "<group>"; };
		F6ADAF8929D1F92200AE1C2C /* sensorAppUITests.xctest */ = {isa = PBXFileReference; explicitFileType = wrapper.cfbundle; includeInIndex = 0; path = sensorAppUITests.xctest; sourceTree = BUILT_PRODUCTS_DIR; };
		F6ADAF8D29D1F92200AE1C2C /* sensorAppUITests.swift */ = {isa = PBXFileReference; lastKnownFileType = sourcecode.swift; path = sensorAppUITests.swift; sourceTree = "<group>"; };
		F6ADAF8F29D1F92200AE1C2C /* sensorAppUITestsLaunchTests.swift */ = {isa = PBXFileReference; lastKnownFileType = sourcecode.swift; path = sensorAppUITestsLaunchTests.swift; sourceTree = "<group>"; };
		F6ADAFAC29D2394600AE1C2C /* ReportViewController.swift */ = {isa = PBXFileReference; lastKnownFileType = sourcecode.swift; path = ReportViewController.swift; sourceTree = "<group>"; };
		F6E0998229E1A90F002D4809 /* TemperatureData.swift */ = {isa = PBXFileReference; lastKnownFileType = sourcecode.swift; path = TemperatureData.swift; sourceTree = "<group>"; };
		F6E0998A29E1AE0F002D4809 /* GasCategory.swift */ = {isa = PBXFileReference; lastKnownFileType = sourcecode.swift; path = GasCategory.swift; sourceTree = "<group>"; };
		F6E799F729EBDFAB0047C93D /* SensorData.swift */ = {isa = PBXFileReference; lastKnownFileType = sourcecode.swift; path = SensorData.swift; sourceTree = "<group>"; };
		F6E799F929EBE0570047C93D /* RealTimeGasRequest.swift */ = {isa = PBXFileReference; lastKnownFileType = sourcecode.swift; path = RealTimeGasRequest.swift; sourceTree = "<group>"; };
		F6E799FB29EBE0B70047C93D /* RealTimeGasResponse.swift */ = {isa = PBXFileReference; lastKnownFileType = sourcecode.swift; path = RealTimeGasResponse.swift; sourceTree = "<group>"; };
		F6E799FD29EBE2260047C93D /* RealTimeAllGasses.swift */ = {isa = PBXFileReference; lastKnownFileType = sourcecode.swift; path = RealTimeAllGasses.swift; sourceTree = "<group>"; };
		F6E79A0029EBE2C00047C93D /* Network.swift */ = {isa = PBXFileReference; lastKnownFileType = sourcecode.swift; path = Network.swift; sourceTree = "<group>"; };
		F6E79A0229EBE2D40047C93D /* Requestable.swift */ = {isa = PBXFileReference; lastKnownFileType = sourcecode.swift; path = Requestable.swift; sourceTree = "<group>"; };
		F6E79A0429EBE2E50047C93D /* HTTPMethod.swift */ = {isa = PBXFileReference; lastKnownFileType = sourcecode.swift; path = HTTPMethod.swift; sourceTree = "<group>"; };
		F6E79A0629EBE2F70047C93D /* ParameterType.swift */ = {isa = PBXFileReference; lastKnownFileType = sourcecode.swift; path = ParameterType.swift; sourceTree = "<group>"; };
		F6E79A0929EBE34D0047C93D /* GasService.swift */ = {isa = PBXFileReference; lastKnownFileType = sourcecode.swift; path = GasService.swift; sourceTree = "<group>"; };
		F6E79A0B29EBE35C0047C93D /* GasRequest.swift */ = {isa = PBXFileReference; lastKnownFileType = sourcecode.swift; path = GasRequest.swift; sourceTree = "<group>"; };
		F6E79A0D29EBED190047C93D /* AFService.swift */ = {isa = PBXFileReference; lastKnownFileType = sourcecode.swift; path = AFService.swift; sourceTree = "<group>"; };
/* End PBXFileReference section */

/* Begin PBXFrameworksBuildPhase section */
		F6ADAF6629D1F92000AE1C2C /* Frameworks */ = {
			isa = PBXFrameworksBuildPhase;
			buildActionMask = 2147483647;
			files = (
				F6AEDC4E29F4234300F7A24B /* Kingfisher in Frameworks */,
				F6AEDC4029F41FF300F7A24B /* Alamofire in Frameworks */,
				F6AEDC4B29F422EE00F7A24B /* Charts in Frameworks */,
			);
			runOnlyForDeploymentPostprocessing = 0;
		};
		F6ADAF7C29D1F92100AE1C2C /* Frameworks */ = {
			isa = PBXFrameworksBuildPhase;
			buildActionMask = 2147483647;
			files = (
			);
			runOnlyForDeploymentPostprocessing = 0;
		};
		F6ADAF8629D1F92200AE1C2C /* Frameworks */ = {
			isa = PBXFrameworksBuildPhase;
			buildActionMask = 2147483647;
			files = (
			);
			runOnlyForDeploymentPostprocessing = 0;
		};
/* End PBXFrameworksBuildPhase section */

/* Begin PBXGroup section */
		560FB8F129F8F3BE005DA796 /* TestHomeView */ = {
			isa = PBXGroup;
			children = (
				F60BBF6C29F4577B00C1AB4C /* HomeViewController.swift */,
				560FB8F229F8F469005DA796 /* HomeTableViewCell.swift */,
			);
			path = TestHomeView;
			sourceTree = "<group>";
		};
		F611F4A229D2ECC6003D4ACB /* CustomViews */ = {
			isa = PBXGroup;
			children = (
				F6E0998929E1ACCC002D4809 /* GaugeView */,
				F69EB49E29DCA4EE003D340D /* LineChartHome */,
				F611F4B229D2EE68003D4ACB /* CardView */,
				F611F4A329D2ECD0003D4ACB /* CollectionViewCells */,
			);
			path = CustomViews;
			sourceTree = "<group>";
		};
		F611F4A329D2ECD0003D4ACB /* CollectionViewCells */ = {
			isa = PBXGroup;
			children = (
				F69EB4A229DCC202003D340D /* GaugeChartViewCell */,
				F69EB4A129DCC1D1003D340D /* LineChartViewCell */,
				F611F4B929D322F7003D4ACB /* TimeCategoryViewCell */,
				F611F4A429D2ECE5003D4ACB /* CategoryCollectionViewCell */,
			);
			path = CollectionViewCells;
			sourceTree = "<group>";
		};
		F611F4A429D2ECE5003D4ACB /* CategoryCollectionViewCell */ = {
			isa = PBXGroup;
			children = (
				F611F4A529D2ED2D003D4ACB /* CategoryCollectionViewCell.swift */,
				F611F4A629D2ED2D003D4ACB /* CategoryCollectionViewCell.xib */,
			);
			path = CategoryCollectionViewCell;
			sourceTree = "<group>";
		};
		F611F4AE29D2EE05003D4ACB /* Views */ = {
			isa = PBXGroup;
			children = (
				F6ADAFAA29D2390E00AE1C2C /* HomeScreen */,
				F6ADAFA929D238F300AE1C2C /* ReportScreen */,
				F69EB4A729DCC832003D340D /* ProgressBarViewController.swift */,
			);
			path = Views;
			sourceTree = "<group>";
		};
		F611F4AF29D2EE2F003D4ACB /* Extensions */ = {
			isa = PBXGroup;
			children = (
				F611F4B029D2EE43003D4ACB /* String+Extension.swift */,
				F611F4B529D2EE9F003D4ACB /* UIView+Extension.swift */,
			);
			path = Extensions;
			sourceTree = "<group>";
		};
		F611F4B229D2EE68003D4ACB /* CardView */ = {
			isa = PBXGroup;
			children = (
				F611F4B329D2EE6F003D4ACB /* CardView.swift */,
				F611F4F229D44368003D4ACB /* GraphView.swift */,
			);
			path = CardView;
			sourceTree = "<group>";
		};
		F611F4B929D322F7003D4ACB /* TimeCategoryViewCell */ = {
			isa = PBXGroup;
			children = (
				F611F4BA29D32316003D4ACB /* TimeCategoryCollectionViewCell.swift */,
				F611F4BB29D32316003D4ACB /* TimeCategoryCollectionViewCell.xib */,
			);
			path = TimeCategoryViewCell;
			sourceTree = "<group>";
		};
		F69EB49E29DCA4EE003D340D /* LineChartHome */ = {
			isa = PBXGroup;
			children = (
				F69EB49F29DCA502003D340D /* LineChartDataSetCreator.swift */,
			);
			path = LineChartHome;
			sourceTree = "<group>";
		};
		F69EB4A129DCC1D1003D340D /* LineChartViewCell */ = {
			isa = PBXGroup;
			children = (
				F611F4FC29D4573A003D4ACB /* LineChartsCollectionViewCell.swift */,
				F611F4FD29D4573A003D4ACB /* LineChartsCollectionViewCell.xib */,
			);
			path = LineChartViewCell;
			sourceTree = "<group>";
		};
		F69EB4A229DCC202003D340D /* GaugeChartViewCell */ = {
			isa = PBXGroup;
			children = (
				F69EB4A329DCC216003D340D /* GaugeCollectionViewCell.swift */,
				F69EB4A429DCC216003D340D /* GaugeCollectionViewCell.xib */,
			);
			path = GaugeChartViewCell;
			sourceTree = "<group>";
		};
		F6ADAF6029D1F92000AE1C2C = {
			isa = PBXGroup;
			children = (
				F6ADAF6B29D1F92000AE1C2C /* sensorApp */,
				F6ADAF8229D1F92100AE1C2C /* sensorAppTests */,
				F6ADAF8C29D1F92200AE1C2C /* sensorAppUITests */,
				F6ADAF6A29D1F92000AE1C2C /* Products */,
			);
			sourceTree = "<group>";
		};
		F6ADAF6A29D1F92000AE1C2C /* Products */ = {
			isa = PBXGroup;
			children = (
				F6ADAF6929D1F92000AE1C2C /* sensorApp.app */,
				F6ADAF7F29D1F92100AE1C2C /* sensorAppTests.xctest */,
				F6ADAF8929D1F92200AE1C2C /* sensorAppUITests.xctest */,
			);
			name = Products;
			sourceTree = "<group>";
		};
		F6ADAF6B29D1F92000AE1C2C /* sensorApp */ = {
			isa = PBXGroup;
			children = (
				F6ADAFAB29D2391B00AE1C2C /* App */,
				F6E799F529EBDF750047C93D /* Network */,
				F611F4AF29D2EE2F003D4ACB /* Extensions */,
				F611F4AE29D2EE05003D4ACB /* Views */,
				F611F4A229D2ECC6003D4ACB /* CustomViews */,
				F6ADAFA329D1FC8700AE1C2C /* Models */,
				F6ADAF7A29D1F92100AE1C2C /* Info.plist */,
				F65AB01E29EDAD58001C4E51 /* exampleData.md */,
				F633208929F1D89000418B11 /* TASKS.md */,
			);
			path = sensorApp;
			sourceTree = "<group>";
		};
		F6ADAF8229D1F92100AE1C2C /* sensorAppTests */ = {
			isa = PBXGroup;
			children = (
				F6ADAF8329D1F92100AE1C2C /* sensorAppTests.swift */,
			);
			path = sensorAppTests;
			sourceTree = "<group>";
		};
		F6ADAF8C29D1F92200AE1C2C /* sensorAppUITests */ = {
			isa = PBXGroup;
			children = (
				F6ADAF8D29D1F92200AE1C2C /* sensorAppUITests.swift */,
				F6ADAF8F29D1F92200AE1C2C /* sensorAppUITestsLaunchTests.swift */,
			);
			path = sensorAppUITests;
			sourceTree = "<group>";
		};
		F6ADAFA329D1FC8700AE1C2C /* Models */ = {
			isa = PBXGroup;
			children = (
				F611F4B729D3217F003D4ACB /* TimeCategory.swift */,
				F611F50029D45B37003D4ACB /* ChartData.swift */,
				F6E0998229E1A90F002D4809 /* TemperatureData.swift */,
				F6E0998A29E1AE0F002D4809 /* GasCategory.swift */,
			);
			path = Models;
			sourceTree = "<group>";
		};
		F6ADAFA929D238F300AE1C2C /* ReportScreen */ = {
			isa = PBXGroup;
			children = (
				F6ADAFAC29D2394600AE1C2C /* ReportViewController.swift */,
			);
			path = ReportScreen;
			sourceTree = "<group>";
		};
		F6ADAFAA29D2390E00AE1C2C /* HomeScreen */ = {
			isa = PBXGroup;
			children = (
				560FB8F129F8F3BE005DA796 /* TestHomeView */,
				F6ADAF7029D1F92000AE1C2C /* ViewController.swift */,
				F633208729F1919B00418B11 /* GasViewModel.swift */,
			);
			path = HomeScreen;
			sourceTree = "<group>";
		};
		F6ADAFAB29D2391B00AE1C2C /* App */ = {
			isa = PBXGroup;
			children = (
				F6ADAF7529D1F92100AE1C2C /* Assets.xcassets */,
				F6ADAF6C29D1F92000AE1C2C /* AppDelegate.swift */,
				F6ADAF6E29D1F92000AE1C2C /* SceneDelegate.swift */,
				F6ADAF7229D1F92000AE1C2C /* Main.storyboard */,
				F6ADAF7729D1F92100AE1C2C /* LaunchScreen.storyboard */,
			);
			path = App;
			sourceTree = "<group>";
		};
		F6E0998929E1ACCC002D4809 /* GaugeView */ = {
			isa = PBXGroup;
			children = (
				F6447D4629DEAFAB0094C466 /* GaugeView.swift */,
			);
			path = GaugeView;
			sourceTree = "<group>";
		};
		F6E799F529EBDF750047C93D /* Network */ = {
			isa = PBXGroup;
			children = (
				F6E79A0829EBE33F0047C93D /* Services */,
				F6E799FF29EBE2B60047C93D /* Core */,
				F6E799F629EBDF8D0047C93D /* Model */,
				F6E79A0D29EBED190047C93D /* AFService.swift */,
			);
			path = Network;
			sourceTree = "<group>";
		};
		F6E799F629EBDF8D0047C93D /* Model */ = {
			isa = PBXGroup;
			children = (
				F6E799F729EBDFAB0047C93D /* SensorData.swift */,
				F6E799F929EBE0570047C93D /* RealTimeGasRequest.swift */,
				F6E799FB29EBE0B70047C93D /* RealTimeGasResponse.swift */,
				F6E799FD29EBE2260047C93D /* RealTimeAllGasses.swift */,
			);
			path = Model;
			sourceTree = "<group>";
		};
		F6E799FF29EBE2B60047C93D /* Core */ = {
			isa = PBXGroup;
			children = (
				F6E79A0029EBE2C00047C93D /* Network.swift */,
				F6E79A0229EBE2D40047C93D /* Requestable.swift */,
				F6E79A0429EBE2E50047C93D /* HTTPMethod.swift */,
				F6E79A0629EBE2F70047C93D /* ParameterType.swift */,
			);
			path = Core;
			sourceTree = "<group>";
		};
		F6E79A0829EBE33F0047C93D /* Services */ = {
			isa = PBXGroup;
			children = (
				F6E79A0929EBE34D0047C93D /* GasService.swift */,
				F6E79A0B29EBE35C0047C93D /* GasRequest.swift */,
			);
			path = Services;
			sourceTree = "<group>";
		};
/* End PBXGroup section */

/* Begin PBXNativeTarget section */
		F6ADAF6829D1F92000AE1C2C /* sensorApp */ = {
			isa = PBXNativeTarget;
			buildConfigurationList = F6ADAF9329D1F92200AE1C2C /* Build configuration list for PBXNativeTarget "sensorApp" */;
			buildPhases = (
				F6ADAF6529D1F92000AE1C2C /* Sources */,
				F6ADAF6629D1F92000AE1C2C /* Frameworks */,
				F6ADAF6729D1F92000AE1C2C /* Resources */,
			);
			buildRules = (
			);
			dependencies = (
			);
			name = sensorApp;
			packageProductDependencies = (
				F6AEDC3F29F41FF300F7A24B /* Alamofire */,
				F6AEDC4A29F422EE00F7A24B /* Charts */,
				F6AEDC4D29F4234300F7A24B /* Kingfisher */,
			);
			productName = sensorApp;
			productReference = F6ADAF6929D1F92000AE1C2C /* sensorApp.app */;
			productType = "com.apple.product-type.application";
		};
		F6ADAF7E29D1F92100AE1C2C /* sensorAppTests */ = {
			isa = PBXNativeTarget;
			buildConfigurationList = F6ADAF9629D1F92200AE1C2C /* Build configuration list for PBXNativeTarget "sensorAppTests" */;
			buildPhases = (
				F6ADAF7B29D1F92100AE1C2C /* Sources */,
				F6ADAF7C29D1F92100AE1C2C /* Frameworks */,
				F6ADAF7D29D1F92100AE1C2C /* Resources */,
			);
			buildRules = (
			);
			dependencies = (
				F6ADAF8129D1F92100AE1C2C /* PBXTargetDependency */,
			);
			name = sensorAppTests;
			productName = sensorAppTests;
			productReference = F6ADAF7F29D1F92100AE1C2C /* sensorAppTests.xctest */;
			productType = "com.apple.product-type.bundle.unit-test";
		};
		F6ADAF8829D1F92200AE1C2C /* sensorAppUITests */ = {
			isa = PBXNativeTarget;
			buildConfigurationList = F6ADAF9929D1F92200AE1C2C /* Build configuration list for PBXNativeTarget "sensorAppUITests" */;
			buildPhases = (
				F6ADAF8529D1F92200AE1C2C /* Sources */,
				F6ADAF8629D1F92200AE1C2C /* Frameworks */,
				F6ADAF8729D1F92200AE1C2C /* Resources */,
			);
			buildRules = (
			);
			dependencies = (
				F6ADAF8B29D1F92200AE1C2C /* PBXTargetDependency */,
			);
			name = sensorAppUITests;
			productName = sensorAppUITests;
			productReference = F6ADAF8929D1F92200AE1C2C /* sensorAppUITests.xctest */;
			productType = "com.apple.product-type.bundle.ui-testing";
		};
/* End PBXNativeTarget section */

/* Begin PBXProject section */
		F6ADAF6129D1F92000AE1C2C /* Project object */ = {
			isa = PBXProject;
			attributes = {
				BuildIndependentTargetsInParallel = 1;
				LastSwiftUpdateCheck = 1400;
				LastUpgradeCheck = 1400;
				TargetAttributes = {
					F6ADAF6829D1F92000AE1C2C = {
						CreatedOnToolsVersion = 14.0.1;
					};
					F6ADAF7E29D1F92100AE1C2C = {
						CreatedOnToolsVersion = 14.0.1;
						TestTargetID = F6ADAF6829D1F92000AE1C2C;
					};
					F6ADAF8829D1F92200AE1C2C = {
						CreatedOnToolsVersion = 14.0.1;
						TestTargetID = F6ADAF6829D1F92000AE1C2C;
					};
				};
			};
			buildConfigurationList = F6ADAF6429D1F92000AE1C2C /* Build configuration list for PBXProject "sensorApp" */;
			compatibilityVersion = "Xcode 14.0";
			developmentRegion = en;
			hasScannedForEncodings = 0;
			knownRegions = (
				en,
				Base,
			);
			mainGroup = F6ADAF6029D1F92000AE1C2C;
			packageReferences = (
				F6AEDC3E29F41FF300F7A24B /* XCRemoteSwiftPackageReference "Alamofire" */,
				F6AEDC4929F422EE00F7A24B /* XCRemoteSwiftPackageReference "Charts" */,
				F6AEDC4C29F4234300F7A24B /* XCRemoteSwiftPackageReference "Kingfisher" */,
			);
			productRefGroup = F6ADAF6A29D1F92000AE1C2C /* Products */;
			projectDirPath = "";
			projectRoot = "";
			targets = (
				F6ADAF6829D1F92000AE1C2C /* sensorApp */,
				F6ADAF7E29D1F92100AE1C2C /* sensorAppTests */,
				F6ADAF8829D1F92200AE1C2C /* sensorAppUITests */,
			);
		};
/* End PBXProject section */

/* Begin PBXResourcesBuildPhase section */
		F6ADAF6729D1F92000AE1C2C /* Resources */ = {
			isa = PBXResourcesBuildPhase;
			buildActionMask = 2147483647;
			files = (
				F611F4FF29D4573A003D4ACB /* LineChartsCollectionViewCell.xib in Resources */,
				F611F4BD29D32316003D4ACB /* TimeCategoryCollectionViewCell.xib in Resources */,
				F611F4A829D2ED2D003D4ACB /* CategoryCollectionViewCell.xib in Resources */,
				F69EB4A629DCC216003D340D /* GaugeCollectionViewCell.xib in Resources */,
				F6ADAF7929D1F92100AE1C2C /* LaunchScreen.storyboard in Resources */,
				F6ADAF7629D1F92100AE1C2C /* Assets.xcassets in Resources */,
				F6ADAF7429D1F92000AE1C2C /* Main.storyboard in Resources */,
			);
			runOnlyForDeploymentPostprocessing = 0;
		};
		F6ADAF7D29D1F92100AE1C2C /* Resources */ = {
			isa = PBXResourcesBuildPhase;
			buildActionMask = 2147483647;
			files = (
			);
			runOnlyForDeploymentPostprocessing = 0;
		};
		F6ADAF8729D1F92200AE1C2C /* Resources */ = {
			isa = PBXResourcesBuildPhase;
			buildActionMask = 2147483647;
			files = (
			);
			runOnlyForDeploymentPostprocessing = 0;
		};
/* End PBXResourcesBuildPhase section */

/* Begin PBXSourcesBuildPhase section */
		F6ADAF6529D1F92000AE1C2C /* Sources */ = {
			isa = PBXSourcesBuildPhase;
			buildActionMask = 2147483647;
			files = (
				F611F4B629D2EE9F003D4ACB /* UIView+Extension.swift in Sources */,
				F69EB4A829DCC832003D340D /* ProgressBarViewController.swift in Sources */,
				F6E79A0129EBE2C00047C93D /* Network.swift in Sources */,
				F6ADAF7129D1F92000AE1C2C /* ViewController.swift in Sources */,
				F6E799FA29EBE0570047C93D /* RealTimeGasRequest.swift in Sources */,
				F633208829F1919B00418B11 /* GasViewModel.swift in Sources */,
				F6E79A0729EBE2F70047C93D /* ParameterType.swift in Sources */,
				F6E799F829EBDFAB0047C93D /* SensorData.swift in Sources */,
				F611F4B129D2EE43003D4ACB /* String+Extension.swift in Sources */,
				F6ADAF6D29D1F92000AE1C2C /* AppDelegate.swift in Sources */,
				F69EB4A529DCC216003D340D /* GaugeCollectionViewCell.swift in Sources */,
				F6ADAFAD29D2394600AE1C2C /* ReportViewController.swift in Sources */,
				F6E79A0529EBE2E50047C93D /* HTTPMethod.swift in Sources */,
				F6E79A0329EBE2D40047C93D /* Requestable.swift in Sources */,
				F6E799FC29EBE0B70047C93D /* RealTimeGasResponse.swift in Sources */,
				F6447D4729DEAFAB0094C466 /* GaugeView.swift in Sources */,
				F69EB4A029DCA502003D340D /* LineChartDataSetCreator.swift in Sources */,
				F611F4B429D2EE6F003D4ACB /* CardView.swift in Sources */,
				F611F50129D45B37003D4ACB /* ChartData.swift in Sources */,
				F6E0998329E1A90F002D4809 /* TemperatureData.swift in Sources */,
				F6E79A0C29EBE35C0047C93D /* GasRequest.swift in Sources */,
				F611F4F329D44368003D4ACB /* GraphView.swift in Sources */,
				F6E0998B29E1AE0F002D4809 /* GasCategory.swift in Sources */,
				F611F4A729D2ED2D003D4ACB /* CategoryCollectionViewCell.swift in Sources */,
				F611F4FE29D4573A003D4ACB /* LineChartsCollectionViewCell.swift in Sources */,
				F6E79A0E29EBED1A0047C93D /* AFService.swift in Sources */,
				F6E799FE29EBE2260047C93D /* RealTimeAllGasses.swift in Sources */,
				560FB8F329F8F469005DA796 /* HomeTableViewCell.swift in Sources */,
				F60BBF6D29F4577B00C1AB4C /* HomeViewController.swift in Sources */,
				F611F4BC29D32316003D4ACB /* TimeCategoryCollectionViewCell.swift in Sources */,
				F611F4B829D3217F003D4ACB /* TimeCategory.swift in Sources */,
				F6ADAF6F29D1F92000AE1C2C /* SceneDelegate.swift in Sources */,
				F6E79A0A29EBE34D0047C93D /* GasService.swift in Sources */,
			);
			runOnlyForDeploymentPostprocessing = 0;
		};
		F6ADAF7B29D1F92100AE1C2C /* Sources */ = {
			isa = PBXSourcesBuildPhase;
			buildActionMask = 2147483647;
			files = (
				F6ADAF8429D1F92100AE1C2C /* sensorAppTests.swift in Sources */,
			);
			runOnlyForDeploymentPostprocessing = 0;
		};
		F6ADAF8529D1F92200AE1C2C /* Sources */ = {
			isa = PBXSourcesBuildPhase;
			buildActionMask = 2147483647;
			files = (
				F6ADAF9029D1F92200AE1C2C /* sensorAppUITestsLaunchTests.swift in Sources */,
				F6ADAF8E29D1F92200AE1C2C /* sensorAppUITests.swift in Sources */,
			);
			runOnlyForDeploymentPostprocessing = 0;
		};
/* End PBXSourcesBuildPhase section */

/* Begin PBXTargetDependency section */
		F6ADAF8129D1F92100AE1C2C /* PBXTargetDependency */ = {
			isa = PBXTargetDependency;
			target = F6ADAF6829D1F92000AE1C2C /* sensorApp */;
			targetProxy = F6ADAF8029D1F92100AE1C2C /* PBXContainerItemProxy */;
		};
		F6ADAF8B29D1F92200AE1C2C /* PBXTargetDependency */ = {
			isa = PBXTargetDependency;
			target = F6ADAF6829D1F92000AE1C2C /* sensorApp */;
			targetProxy = F6ADAF8A29D1F92200AE1C2C /* PBXContainerItemProxy */;
		};
/* End PBXTargetDependency section */

/* Begin PBXVariantGroup section */
		F6ADAF7229D1F92000AE1C2C /* Main.storyboard */ = {
			isa = PBXVariantGroup;
			children = (
				F6ADAF7329D1F92000AE1C2C /* Base */,
			);
			name = Main.storyboard;
			sourceTree = "<group>";
		};
		F6ADAF7729D1F92100AE1C2C /* LaunchScreen.storyboard */ = {
			isa = PBXVariantGroup;
			children = (
				F6ADAF7829D1F92100AE1C2C /* Base */,
			);
			name = LaunchScreen.storyboard;
			sourceTree = "<group>";
		};
/* End PBXVariantGroup section */

/* Begin XCBuildConfiguration section */
		F6ADAF9129D1F92200AE1C2C /* Debug */ = {
			isa = XCBuildConfiguration;
			buildSettings = {
				ALWAYS_SEARCH_USER_PATHS = NO;
				CLANG_ANALYZER_NONNULL = YES;
				CLANG_ANALYZER_NUMBER_OBJECT_CONVERSION = YES_AGGRESSIVE;
				CLANG_CXX_LANGUAGE_STANDARD = "gnu++20";
				CLANG_ENABLE_MODULES = YES;
				CLANG_ENABLE_OBJC_ARC = YES;
				CLANG_ENABLE_OBJC_WEAK = YES;
				CLANG_WARN_BLOCK_CAPTURE_AUTORELEASING = YES;
				CLANG_WARN_BOOL_CONVERSION = YES;
				CLANG_WARN_COMMA = YES;
				CLANG_WARN_CONSTANT_CONVERSION = YES;
				CLANG_WARN_DEPRECATED_OBJC_IMPLEMENTATIONS = YES;
				CLANG_WARN_DIRECT_OBJC_ISA_USAGE = YES_ERROR;
				CLANG_WARN_DOCUMENTATION_COMMENTS = YES;
				CLANG_WARN_EMPTY_BODY = YES;
				CLANG_WARN_ENUM_CONVERSION = YES;
				CLANG_WARN_INFINITE_RECURSION = YES;
				CLANG_WARN_INT_CONVERSION = YES;
				CLANG_WARN_NON_LITERAL_NULL_CONVERSION = YES;
				CLANG_WARN_OBJC_IMPLICIT_RETAIN_SELF = YES;
				CLANG_WARN_OBJC_LITERAL_CONVERSION = YES;
				CLANG_WARN_OBJC_ROOT_CLASS = YES_ERROR;
				CLANG_WARN_QUOTED_INCLUDE_IN_FRAMEWORK_HEADER = YES;
				CLANG_WARN_RANGE_LOOP_ANALYSIS = YES;
				CLANG_WARN_STRICT_PROTOTYPES = YES;
				CLANG_WARN_SUSPICIOUS_MOVE = YES;
				CLANG_WARN_UNGUARDED_AVAILABILITY = YES_AGGRESSIVE;
				CLANG_WARN_UNREACHABLE_CODE = YES;
				CLANG_WARN__DUPLICATE_METHOD_MATCH = YES;
				COPY_PHASE_STRIP = NO;
				DEBUG_INFORMATION_FORMAT = dwarf;
				ENABLE_STRICT_OBJC_MSGSEND = YES;
				ENABLE_TESTABILITY = YES;
				GCC_C_LANGUAGE_STANDARD = gnu11;
				GCC_DYNAMIC_NO_PIC = NO;
				GCC_NO_COMMON_BLOCKS = YES;
				GCC_OPTIMIZATION_LEVEL = 0;
				GCC_PREPROCESSOR_DEFINITIONS = (
					"DEBUG=1",
					"$(inherited)",
				);
				GCC_WARN_64_TO_32_BIT_CONVERSION = YES;
				GCC_WARN_ABOUT_RETURN_TYPE = YES_ERROR;
				GCC_WARN_UNDECLARED_SELECTOR = YES;
				GCC_WARN_UNINITIALIZED_AUTOS = YES_AGGRESSIVE;
				GCC_WARN_UNUSED_FUNCTION = YES;
				GCC_WARN_UNUSED_VARIABLE = YES;
				IPHONEOS_DEPLOYMENT_TARGET = 16.0;
				MTL_ENABLE_DEBUG_INFO = INCLUDE_SOURCE;
				MTL_FAST_MATH = YES;
				ONLY_ACTIVE_ARCH = YES;
				SDKROOT = iphoneos;
				SWIFT_ACTIVE_COMPILATION_CONDITIONS = DEBUG;
				SWIFT_OPTIMIZATION_LEVEL = "-Onone";
			};
			name = Debug;
		};
		F6ADAF9229D1F92200AE1C2C /* Release */ = {
			isa = XCBuildConfiguration;
			buildSettings = {
				ALWAYS_SEARCH_USER_PATHS = NO;
				CLANG_ANALYZER_NONNULL = YES;
				CLANG_ANALYZER_NUMBER_OBJECT_CONVERSION = YES_AGGRESSIVE;
				CLANG_CXX_LANGUAGE_STANDARD = "gnu++20";
				CLANG_ENABLE_MODULES = YES;
				CLANG_ENABLE_OBJC_ARC = YES;
				CLANG_ENABLE_OBJC_WEAK = YES;
				CLANG_WARN_BLOCK_CAPTURE_AUTORELEASING = YES;
				CLANG_WARN_BOOL_CONVERSION = YES;
				CLANG_WARN_COMMA = YES;
				CLANG_WARN_CONSTANT_CONVERSION = YES;
				CLANG_WARN_DEPRECATED_OBJC_IMPLEMENTATIONS = YES;
				CLANG_WARN_DIRECT_OBJC_ISA_USAGE = YES_ERROR;
				CLANG_WARN_DOCUMENTATION_COMMENTS = YES;
				CLANG_WARN_EMPTY_BODY = YES;
				CLANG_WARN_ENUM_CONVERSION = YES;
				CLANG_WARN_INFINITE_RECURSION = YES;
				CLANG_WARN_INT_CONVERSION = YES;
				CLANG_WARN_NON_LITERAL_NULL_CONVERSION = YES;
				CLANG_WARN_OBJC_IMPLICIT_RETAIN_SELF = YES;
				CLANG_WARN_OBJC_LITERAL_CONVERSION = YES;
				CLANG_WARN_OBJC_ROOT_CLASS = YES_ERROR;
				CLANG_WARN_QUOTED_INCLUDE_IN_FRAMEWORK_HEADER = YES;
				CLANG_WARN_RANGE_LOOP_ANALYSIS = YES;
				CLANG_WARN_STRICT_PROTOTYPES = YES;
				CLANG_WARN_SUSPICIOUS_MOVE = YES;
				CLANG_WARN_UNGUARDED_AVAILABILITY = YES_AGGRESSIVE;
				CLANG_WARN_UNREACHABLE_CODE = YES;
				CLANG_WARN__DUPLICATE_METHOD_MATCH = YES;
				COPY_PHASE_STRIP = NO;
				DEBUG_INFORMATION_FORMAT = "dwarf-with-dsym";
				ENABLE_NS_ASSERTIONS = NO;
				ENABLE_STRICT_OBJC_MSGSEND = YES;
				GCC_C_LANGUAGE_STANDARD = gnu11;
				GCC_NO_COMMON_BLOCKS = YES;
				GCC_WARN_64_TO_32_BIT_CONVERSION = YES;
				GCC_WARN_ABOUT_RETURN_TYPE = YES_ERROR;
				GCC_WARN_UNDECLARED_SELECTOR = YES;
				GCC_WARN_UNINITIALIZED_AUTOS = YES_AGGRESSIVE;
				GCC_WARN_UNUSED_FUNCTION = YES;
				GCC_WARN_UNUSED_VARIABLE = YES;
				IPHONEOS_DEPLOYMENT_TARGET = 16.0;
				MTL_ENABLE_DEBUG_INFO = NO;
				MTL_FAST_MATH = YES;
				SDKROOT = iphoneos;
				SWIFT_COMPILATION_MODE = wholemodule;
				SWIFT_OPTIMIZATION_LEVEL = "-O";
				VALIDATE_PRODUCT = YES;
			};
			name = Release;
		};
		F6ADAF9429D1F92200AE1C2C /* Debug */ = {
			isa = XCBuildConfiguration;
			buildSettings = {
				ASSETCATALOG_COMPILER_APPICON_NAME = AppIcon;
				ASSETCATALOG_COMPILER_GLOBAL_ACCENT_COLOR_NAME = AccentColor;
				CODE_SIGN_STYLE = Automatic;
				CURRENT_PROJECT_VERSION = 1;
				DEVELOPMENT_TEAM = R7KP5757Z8;
				GENERATE_INFOPLIST_FILE = YES;
				INFOPLIST_FILE = sensorApp/Info.plist;
				INFOPLIST_KEY_UIApplicationSupportsIndirectInputEvents = YES;
				INFOPLIST_KEY_UILaunchStoryboardName = LaunchScreen;
				INFOPLIST_KEY_UIMainStoryboardFile = Main;
				INFOPLIST_KEY_UISupportedInterfaceOrientations_iPad = "UIInterfaceOrientationPortrait UIInterfaceOrientationPortraitUpsideDown UIInterfaceOrientationLandscapeLeft UIInterfaceOrientationLandscapeRight";
				INFOPLIST_KEY_UISupportedInterfaceOrientations_iPhone = "UIInterfaceOrientationPortrait UIInterfaceOrientationLandscapeLeft UIInterfaceOrientationLandscapeRight";
				LD_RUNPATH_SEARCH_PATHS = (
					"$(inherited)",
					"@executable_path/Frameworks",
				);
				MARKETING_VERSION = 1.0;
				PRODUCT_BUNDLE_IDENTIFIER = com.omercelikel.sensorApp;
				PRODUCT_NAME = "$(TARGET_NAME)";
				SWIFT_EMIT_LOC_STRINGS = YES;
				SWIFT_VERSION = 5.0;
				TARGETED_DEVICE_FAMILY = "1,2";
			};
			name = Debug;
		};
		F6ADAF9529D1F92200AE1C2C /* Release */ = {
			isa = XCBuildConfiguration;
			buildSettings = {
				ASSETCATALOG_COMPILER_APPICON_NAME = AppIcon;
				ASSETCATALOG_COMPILER_GLOBAL_ACCENT_COLOR_NAME = AccentColor;
				CODE_SIGN_STYLE = Automatic;
				CURRENT_PROJECT_VERSION = 1;
				DEVELOPMENT_TEAM = R7KP5757Z8;
				GENERATE_INFOPLIST_FILE = YES;
				INFOPLIST_FILE = sensorApp/Info.plist;
				INFOPLIST_KEY_UIApplicationSupportsIndirectInputEvents = YES;
				INFOPLIST_KEY_UILaunchStoryboardName = LaunchScreen;
				INFOPLIST_KEY_UIMainStoryboardFile = Main;
				INFOPLIST_KEY_UISupportedInterfaceOrientations_iPad = "UIInterfaceOrientationPortrait UIInterfaceOrientationPortraitUpsideDown UIInterfaceOrientationLandscapeLeft UIInterfaceOrientationLandscapeRight";
				INFOPLIST_KEY_UISupportedInterfaceOrientations_iPhone = "UIInterfaceOrientationPortrait UIInterfaceOrientationLandscapeLeft UIInterfaceOrientationLandscapeRight";
				LD_RUNPATH_SEARCH_PATHS = (
					"$(inherited)",
					"@executable_path/Frameworks",
				);
				MARKETING_VERSION = 1.0;
				PRODUCT_BUNDLE_IDENTIFIER = com.omercelikel.sensorApp;
				PRODUCT_NAME = "$(TARGET_NAME)";
				SWIFT_EMIT_LOC_STRINGS = YES;
				SWIFT_VERSION = 5.0;
				TARGETED_DEVICE_FAMILY = "1,2";
			};
			name = Release;
		};
		F6ADAF9729D1F92200AE1C2C /* Debug */ = {
			isa = XCBuildConfiguration;
			buildSettings = {
				ALWAYS_EMBED_SWIFT_STANDARD_LIBRARIES = YES;
				BUNDLE_LOADER = "$(TEST_HOST)";
				CODE_SIGN_STYLE = Automatic;
				CURRENT_PROJECT_VERSION = 1;
				DEVELOPMENT_TEAM = R7KP5757Z8;
				GENERATE_INFOPLIST_FILE = YES;
				IPHONEOS_DEPLOYMENT_TARGET = 16.0;
				MARKETING_VERSION = 1.0;
				PRODUCT_BUNDLE_IDENTIFIER = com.omercelikel.sensorAppTests;
				PRODUCT_NAME = "$(TARGET_NAME)";
				SWIFT_EMIT_LOC_STRINGS = NO;
				SWIFT_VERSION = 5.0;
				TARGETED_DEVICE_FAMILY = "1,2";
				TEST_HOST = "$(BUILT_PRODUCTS_DIR)/sensorApp.app/$(BUNDLE_EXECUTABLE_FOLDER_PATH)/sensorApp";
			};
			name = Debug;
		};
		F6ADAF9829D1F92200AE1C2C /* Release */ = {
			isa = XCBuildConfiguration;
			buildSettings = {
				ALWAYS_EMBED_SWIFT_STANDARD_LIBRARIES = YES;
				BUNDLE_LOADER = "$(TEST_HOST)";
				CODE_SIGN_STYLE = Automatic;
				CURRENT_PROJECT_VERSION = 1;
				DEVELOPMENT_TEAM = R7KP5757Z8;
				GENERATE_INFOPLIST_FILE = YES;
				IPHONEOS_DEPLOYMENT_TARGET = 16.0;
				MARKETING_VERSION = 1.0;
				PRODUCT_BUNDLE_IDENTIFIER = com.omercelikel.sensorAppTests;
				PRODUCT_NAME = "$(TARGET_NAME)";
				SWIFT_EMIT_LOC_STRINGS = NO;
				SWIFT_VERSION = 5.0;
				TARGETED_DEVICE_FAMILY = "1,2";
				TEST_HOST = "$(BUILT_PRODUCTS_DIR)/sensorApp.app/$(BUNDLE_EXECUTABLE_FOLDER_PATH)/sensorApp";
			};
			name = Release;
		};
		F6ADAF9A29D1F92200AE1C2C /* Debug */ = {
			isa = XCBuildConfiguration;
			buildSettings = {
				ALWAYS_EMBED_SWIFT_STANDARD_LIBRARIES = YES;
				CODE_SIGN_STYLE = Automatic;
				CURRENT_PROJECT_VERSION = 1;
				DEVELOPMENT_TEAM = R7KP5757Z8;
				GENERATE_INFOPLIST_FILE = YES;
				MARKETING_VERSION = 1.0;
				PRODUCT_BUNDLE_IDENTIFIER = com.omercelikel.sensorAppUITests;
				PRODUCT_NAME = "$(TARGET_NAME)";
				SWIFT_EMIT_LOC_STRINGS = NO;
				SWIFT_VERSION = 5.0;
				TARGETED_DEVICE_FAMILY = "1,2";
				TEST_TARGET_NAME = sensorApp;
			};
			name = Debug;
		};
		F6ADAF9B29D1F92200AE1C2C /* Release */ = {
			isa = XCBuildConfiguration;
			buildSettings = {
				ALWAYS_EMBED_SWIFT_STANDARD_LIBRARIES = YES;
				CODE_SIGN_STYLE = Automatic;
				CURRENT_PROJECT_VERSION = 1;
				DEVELOPMENT_TEAM = R7KP5757Z8;
				GENERATE_INFOPLIST_FILE = YES;
				MARKETING_VERSION = 1.0;
				PRODUCT_BUNDLE_IDENTIFIER = com.omercelikel.sensorAppUITests;
				PRODUCT_NAME = "$(TARGET_NAME)";
				SWIFT_EMIT_LOC_STRINGS = NO;
				SWIFT_VERSION = 5.0;
				TARGETED_DEVICE_FAMILY = "1,2";
				TEST_TARGET_NAME = sensorApp;
			};
			name = Release;
		};
/* End XCBuildConfiguration section */

/* Begin XCConfigurationList section */
		F6ADAF6429D1F92000AE1C2C /* Build configuration list for PBXProject "sensorApp" */ = {
			isa = XCConfigurationList;
			buildConfigurations = (
				F6ADAF9129D1F92200AE1C2C /* Debug */,
				F6ADAF9229D1F92200AE1C2C /* Release */,
			);
			defaultConfigurationIsVisible = 0;
			defaultConfigurationName = Release;
		};
		F6ADAF9329D1F92200AE1C2C /* Build configuration list for PBXNativeTarget "sensorApp" */ = {
			isa = XCConfigurationList;
			buildConfigurations = (
				F6ADAF9429D1F92200AE1C2C /* Debug */,
				F6ADAF9529D1F92200AE1C2C /* Release */,
			);
			defaultConfigurationIsVisible = 0;
			defaultConfigurationName = Release;
		};
		F6ADAF9629D1F92200AE1C2C /* Build configuration list for PBXNativeTarget "sensorAppTests" */ = {
			isa = XCConfigurationList;
			buildConfigurations = (
				F6ADAF9729D1F92200AE1C2C /* Debug */,
				F6ADAF9829D1F92200AE1C2C /* Release */,
			);
			defaultConfigurationIsVisible = 0;
			defaultConfigurationName = Release;
		};
		F6ADAF9929D1F92200AE1C2C /* Build configuration list for PBXNativeTarget "sensorAppUITests" */ = {
			isa = XCConfigurationList;
			buildConfigurations = (
				F6ADAF9A29D1F92200AE1C2C /* Debug */,
				F6ADAF9B29D1F92200AE1C2C /* Release */,
			);
			defaultConfigurationIsVisible = 0;
			defaultConfigurationName = Release;
		};
/* End XCConfigurationList section */

/* Begin XCRemoteSwiftPackageReference section */
		F6AEDC3E29F41FF300F7A24B /* XCRemoteSwiftPackageReference "Alamofire" */ = {
			isa = XCRemoteSwiftPackageReference;
			repositoryURL = "https://github.com/Alamofire/Alamofire.git";
			requirement = {
				kind = upToNextMajorVersion;
				minimumVersion = 5.0.0;
			};
		};
		F6AEDC4929F422EE00F7A24B /* XCRemoteSwiftPackageReference "Charts" */ = {
			isa = XCRemoteSwiftPackageReference;
			repositoryURL = "https://github.com/danielgindi/Charts.git";
			requirement = {
				kind = upToNextMajorVersion;
				minimumVersion = 4.1.0;
			};
		};
		F6AEDC4C29F4234300F7A24B /* XCRemoteSwiftPackageReference "Kingfisher" */ = {
			isa = XCRemoteSwiftPackageReference;
			repositoryURL = "https://github.com/onevcat/Kingfisher.git";
			requirement = {
				kind = upToNextMajorVersion;
				minimumVersion = 7.0.0;
			};
		};
/* End XCRemoteSwiftPackageReference section */

/* Begin XCSwiftPackageProductDependency section */
		F6AEDC3F29F41FF300F7A24B /* Alamofire */ = {
			isa = XCSwiftPackageProductDependency;
			package = F6AEDC3E29F41FF300F7A24B /* XCRemoteSwiftPackageReference "Alamofire" */;
			productName = Alamofire;
		};
		F6AEDC4A29F422EE00F7A24B /* Charts */ = {
			isa = XCSwiftPackageProductDependency;
			package = F6AEDC4929F422EE00F7A24B /* XCRemoteSwiftPackageReference "Charts" */;
			productName = Charts;
		};
		F6AEDC4D29F4234300F7A24B /* Kingfisher */ = {
			isa = XCSwiftPackageProductDependency;
			package = F6AEDC4C29F4234300F7A24B /* XCRemoteSwiftPackageReference "Kingfisher" */;
			productName = Kingfisher;
		};
/* End XCSwiftPackageProductDependency section */
	};
	rootObject = F6ADAF6129D1F92000AE1C2C /* Project object */;
}
